// !$*UTF8*$!
{
	archiveVersion = 1;
	classes = {
	};
	objectVersion = 55;
	objects = {

/* Begin PBXBuildFile section */
		2A0B45F89BE5BAF9ED581E25 /* Pods_RisingCamp_TableView.framework in Frameworks */ = {isa = PBXBuildFile; fileRef = 0E2C651289F1B1D18BAA8516 /* Pods_RisingCamp_TableView.framework */; };
		9B221791288EAF8600C86818 /* ChattingViewController.swift in Sources */ = {isa = PBXBuildFile; fileRef = 9B221790288EAF8600C86818 /* ChattingViewController.swift */; };
		9B221799288EB82900C86818 /* ChatStruct.swift in Sources */ = {isa = PBXBuildFile; fileRef = 9B221798288EB82900C86818 /* ChatStruct.swift */; };
		9B22179B288EB8B900C86818 /* ChatDataModel.swift in Sources */ = {isa = PBXBuildFile; fileRef = 9B22179A288EB8B900C86818 /* ChatDataModel.swift */; };
		9B22179E288EBA1900C86818 /* ChattingTableViewCell.swift in Sources */ = {isa = PBXBuildFile; fileRef = 9B22179C288EBA1900C86818 /* ChattingTableViewCell.swift */; };
		9B22179F288EBA1900C86818 /* ChattingTableViewCell.xib in Resources */ = {isa = PBXBuildFile; fileRef = 9B22179D288EBA1900C86818 /* ChattingTableViewCell.xib */; };
		9B2217C52890049400C86818 /* IMG_1394.JPG in Resources */ = {isa = PBXBuildFile; fileRef = 9B2217C42890049400C86818 /* IMG_1394.JPG */; };
		9B2217C72891125500C86818 /* MyCarrotViewController.swift in Sources */ = {isa = PBXBuildFile; fileRef = 9B2217C62891125500C86818 /* MyCarrotViewController.swift */; };
		9B2217CD2891171E00C86818 /* MyCarrotCell.swift in Sources */ = {isa = PBXBuildFile; fileRef = 9B2217CB2891171E00C86818 /* MyCarrotCell.swift */; };
		9B2217CE2891171E00C86818 /* MyCarrotCell.xib in Resources */ = {isa = PBXBuildFile; fileRef = 9B2217CC2891171E00C86818 /* MyCarrotCell.xib */; };
		9B2217D528912C6500C86818 /* ProfileCell.swift in Sources */ = {isa = PBXBuildFile; fileRef = 9B2217D328912C6500C86818 /* ProfileCell.swift */; };
		9B2217D628912C6500C86818 /* ProfileCell.xib in Resources */ = {isa = PBXBuildFile; fileRef = 9B2217D428912C6500C86818 /* ProfileCell.xib */; };
		9B2217DB289130F600C86818 /* SettingSectionStruct.swift in Sources */ = {isa = PBXBuildFile; fileRef = 9B2217DA289130F600C86818 /* SettingSectionStruct.swift */; };
		9B2217DD289136B600C86818 /* MyCarrotModel.swift in Sources */ = {isa = PBXBuildFile; fileRef = 9B2217DC289136B600C86818 /* MyCarrotModel.swift */; };
		9B5BEB1D288BC06800413C20 /* AppDelegate.swift in Sources */ = {isa = PBXBuildFile; fileRef = 9B5BEB1C288BC06800413C20 /* AppDelegate.swift */; };
		9B5BEB1F288BC06800413C20 /* SceneDelegate.swift in Sources */ = {isa = PBXBuildFile; fileRef = 9B5BEB1E288BC06800413C20 /* SceneDelegate.swift */; };
		9B5BEB21288BC06800413C20 /* ViewController.swift in Sources */ = {isa = PBXBuildFile; fileRef = 9B5BEB20288BC06800413C20 /* ViewController.swift */; };
		9B5BEB24288BC06800413C20 /* Main.storyboard in Resources */ = {isa = PBXBuildFile; fileRef = 9B5BEB22288BC06800413C20 /* Main.storyboard */; };
		9B5BEB26288BC06900413C20 /* Assets.xcassets in Resources */ = {isa = PBXBuildFile; fileRef = 9B5BEB25288BC06900413C20 /* Assets.xcassets */; };
		9B5BEB29288BC06900413C20 /* LaunchScreen.storyboard in Resources */ = {isa = PBXBuildFile; fileRef = 9B5BEB27288BC06900413C20 /* LaunchScreen.storyboard */; };
		9B5BEB33288BC73400413C20 /* HomeCell.swift in Sources */ = {isa = PBXBuildFile; fileRef = 9B5BEB31288BC73400413C20 /* HomeCell.swift */; };
		9B5BEB34288BC73400413C20 /* HomeCell.xib in Resources */ = {isa = PBXBuildFile; fileRef = 9B5BEB32288BC73400413C20 /* HomeCell.xib */; };
		9B62F459289234AD00AB88DD /* IMG_1693.jpg in Resources */ = {isa = PBXBuildFile; fileRef = 9B62F455289234AA00AB88DD /* IMG_1693.jpg */; };
		9B62F45A289234AD00AB88DD /* IMG_1692.jpg in Resources */ = {isa = PBXBuildFile; fileRef = 9B62F456289234AC00AB88DD /* IMG_1692.jpg */; };
		9B62F45B289234AD00AB88DD /* IMG_1695.jpg in Resources */ = {isa = PBXBuildFile; fileRef = 9B62F457289234AC00AB88DD /* IMG_1695.jpg */; };
		9B62F45C289234AD00AB88DD /* IMG_1694.jpg in Resources */ = {isa = PBXBuildFile; fileRef = 9B62F458289234AC00AB88DD /* IMG_1694.jpg */; };
		9B700296288D3AA5006F838A /* DongNeTabStruct.swift in Sources */ = {isa = PBXBuildFile; fileRef = 9B700295288D3AA5006F838A /* DongNeTabStruct.swift */; };
		9B70029A288D3EAD006F838A /* IMG_1654.jpg in Resources */ = {isa = PBXBuildFile; fileRef = 9B700297288D3EAD006F838A /* IMG_1654.jpg */; };
		9B70029B288D3EAD006F838A /* IMG_1656.jpg in Resources */ = {isa = PBXBuildFile; fileRef = 9B700298288D3EAD006F838A /* IMG_1656.jpg */; };
		9B70029C288D3EAD006F838A /* IMG_1655.jpg in Resources */ = {isa = PBXBuildFile; fileRef = 9B700299288D3EAD006F838A /* IMG_1655.jpg */; };
		9B784E66288D3F870027FB6D /* WriteForDealViewController.swift in Sources */ = {isa = PBXBuildFile; fileRef = 9B784E65288D3F870027FB6D /* WriteForDealViewController.swift */; };
		9B784E68288D43DF0027FB6D /* ChooseCategoryViewController.swift in Sources */ = {isa = PBXBuildFile; fileRef = 9B784E67288D43DF0027FB6D /* ChooseCategoryViewController.swift */; };
		9B784E6C288D44B40027FB6D /* CategoryCell.swift in Sources */ = {isa = PBXBuildFile; fileRef = 9B784E6A288D44B40027FB6D /* CategoryCell.swift */; };
		9B784E6D288D44B40027FB6D /* CategoryCell.xib in Resources */ = {isa = PBXBuildFile; fileRef = 9B784E6B288D44B40027FB6D /* CategoryCell.xib */; };
		9B784E6F288D45150027FB6D /* CategoryDataModel.swift in Sources */ = {isa = PBXBuildFile; fileRef = 9B784E6E288D45150027FB6D /* CategoryDataModel.swift */; };
		9B7BC216288CF5310064E6DA /* DongNeCell.swift in Sources */ = {isa = PBXBuildFile; fileRef = 9B7BC214288CF5310064E6DA /* DongNeCell.swift */; };
		9B7BC217288CF5310064E6DA /* DongNeCell.xib in Resources */ = {isa = PBXBuildFile; fileRef = 9B7BC215288CF5310064E6DA /* DongNeCell.xib */; };
		9B7BC21B288CF6BA0064E6DA /* DongNeDataModel.swift in Sources */ = {isa = PBXBuildFile; fileRef = 9B7BC21A288CF6BA0064E6DA /* DongNeDataModel.swift */; };
		9B7BC21E288D14DB0064E6DA /* HomeTabStruct.swift in Sources */ = {isa = PBXBuildFile; fileRef = 9B7BC21C288D0FED0064E6DA /* HomeTabStruct.swift */; };
		9BA643FC288CF03200DE4E0E /* componentSetting.swift in Sources */ = {isa = PBXBuildFile; fileRef = 9BA643FB288CF03200DE4E0E /* componentSetting.swift */; };
		9BA643FE288CF2EB00DE4E0E /* DongNeLifeViewController.swift in Sources */ = {isa = PBXBuildFile; fileRef = 9BA643FD288CF2EB00DE4E0E /* DongNeLifeViewController.swift */; };
		9BB9423C2893890F0005843B /* ClickedModel.swift in Sources */ = {isa = PBXBuildFile; fileRef = 9BB9423B2893890F0005843B /* ClickedModel.swift */; };
		9BB9423E28938EB50005843B /* ClickedDataModel.swift in Sources */ = {isa = PBXBuildFile; fileRef = 9BB9423D28938EB50005843B /* ClickedDataModel.swift */; };
		9BB942422893AA040005843B /* MyLocationViewController.swift in Sources */ = {isa = PBXBuildFile; fileRef = 9BB942412893AA040005843B /* MyLocationViewController.swift */; };
		9BB942442893BDCC0005843B /* TabbarViewController.swift in Sources */ = {isa = PBXBuildFile; fileRef = 9BB942432893BDCC0005843B /* TabbarViewController.swift */; };
		9BB942482893BF860005843B /* SecondFoodViewController.swift in Sources */ = {isa = PBXBuildFile; fileRef = 9BB942472893BF860005843B /* SecondFoodViewController.swift */; };
		9BB942512893C3F30005843B /* IMG_1714.jpg in Resources */ = {isa = PBXBuildFile; fileRef = 9BB942492893C3ED0005843B /* IMG_1714.jpg */; };
		9BB942522893C3F30005843B /* IMG_1713.jpg in Resources */ = {isa = PBXBuildFile; fileRef = 9BB9424A2893C3EF0005843B /* IMG_1713.jpg */; };
		9BB942532893C3F30005843B /* IMG_1712.jpg in Resources */ = {isa = PBXBuildFile; fileRef = 9BB9424B2893C3F00005843B /* IMG_1712.jpg */; };
		9BB942542893C3F30005843B /* IMG_1710.jpg in Resources */ = {isa = PBXBuildFile; fileRef = 9BB9424C2893C3F00005843B /* IMG_1710.jpg */; };
		9BB942552893C3F30005843B /* IMG_1715.jpg in Resources */ = {isa = PBXBuildFile; fileRef = 9BB9424D2893C3F10005843B /* IMG_1715.jpg */; };
		9BB942562893C3F30005843B /* IMG_1711.jpg in Resources */ = {isa = PBXBuildFile; fileRef = 9BB9424E2893C3F10005843B /* IMG_1711.jpg */; };
		9BB942572893C3F30005843B /* IMG_1709.jpg in Resources */ = {isa = PBXBuildFile; fileRef = 9BB9424F2893C3F20005843B /* IMG_1709.jpg */; };
		9BB942582893C3F30005843B /* IMG_1708.jpg in Resources */ = {isa = PBXBuildFile; fileRef = 9BB942502893C3F20005843B /* IMG_1708.jpg */; };
		9BB9425B2893C8BD0005843B /* FirstFoodViewController.swift in Sources */ = {isa = PBXBuildFile; fileRef = 9BB9425A2893C8BD0005843B /* FirstFoodViewController.swift */; };
		9BB9425D2893C8FC0005843B /* FourthFoodViewController.swift in Sources */ = {isa = PBXBuildFile; fileRef = 9BB9425C2893C8FC0005843B /* FourthFoodViewController.swift */; };
		9BB9425F2893C9180005843B /* FifthFoodViewController.swift in Sources */ = {isa = PBXBuildFile; fileRef = 9BB9425E2893C9180005843B /* FifthFoodViewController.swift */; };
		9BB942612893C92E0005843B /* SixthFoodViewController.swift in Sources */ = {isa = PBXBuildFile; fileRef = 9BB942602893C92E0005843B /* SixthFoodViewController.swift */; };
		9BB942632893C9440005843B /* SeventhFoodViewController.swift in Sources */ = {isa = PBXBuildFile; fileRef = 9BB942622893C9440005843B /* SeventhFoodViewController.swift */; };
		9BB942692893CC0A0005843B /* ThirdFoodViewController.swift in Sources */ = {isa = PBXBuildFile; fileRef = 9BB942682893CC0A0005843B /* ThirdFoodViewController.swift */; };
		9BE9FED42893694800C6C49C /* HomeDetailViewController.swift in Sources */ = {isa = PBXBuildFile; fileRef = 9BE9FED32893694800C6C49C /* HomeDetailViewController.swift */; };
		9BE9FED62893766D00C6C49C /* IMG_1706.jpg in Resources */ = {isa = PBXBuildFile; fileRef = 9BE9FED52893766D00C6C49C /* IMG_1706.jpg */; };
		9BE9FED8289382C700C6C49C /* IMG_1707.jpg in Resources */ = {isa = PBXBuildFile; fileRef = 9BE9FED7289382C700C6C49C /* IMG_1707.jpg */; };
		9BED18A7288BD4A300D48071 /* HomeTabDataModel.swift in Sources */ = {isa = PBXBuildFile; fileRef = 9BED18A6288BD4A300D48071 /* HomeTabDataModel.swift */; };
/* End PBXBuildFile section */

/* Begin PBXFileReference section */
		0E2C651289F1B1D18BAA8516 /* Pods_RisingCamp_TableView.framework */ = {isa = PBXFileReference; explicitFileType = wrapper.framework; includeInIndex = 0; path = Pods_RisingCamp_TableView.framework; sourceTree = BUILT_PRODUCTS_DIR; };
		30A0346E7A39FA0EA177CA26 /* Pods-RisingCamp_TableView.release.xcconfig */ = {isa = PBXFileReference; includeInIndex = 1; lastKnownFileType = text.xcconfig; name = "Pods-RisingCamp_TableView.release.xcconfig"; path = "Target Support Files/Pods-RisingCamp_TableView/Pods-RisingCamp_TableView.release.xcconfig"; sourceTree = "<group>"; };
		6B31E5BBC45D32C971A3E985 /* Pods-RisingCamp_TableView.debug.xcconfig */ = {isa = PBXFileReference; includeInIndex = 1; lastKnownFileType = text.xcconfig; name = "Pods-RisingCamp_TableView.debug.xcconfig"; path = "Target Support Files/Pods-RisingCamp_TableView/Pods-RisingCamp_TableView.debug.xcconfig"; sourceTree = "<group>"; };
		9B221790288EAF8600C86818 /* ChattingViewController.swift */ = {isa = PBXFileReference; lastKnownFileType = sourcecode.swift; path = ChattingViewController.swift; sourceTree = "<group>"; };
		9B221798288EB82900C86818 /* ChatStruct.swift */ = {isa = PBXFileReference; lastKnownFileType = sourcecode.swift; path = ChatStruct.swift; sourceTree = "<group>"; };
		9B22179A288EB8B900C86818 /* ChatDataModel.swift */ = {isa = PBXFileReference; lastKnownFileType = sourcecode.swift; path = ChatDataModel.swift; sourceTree = "<group>"; };
		9B22179C288EBA1900C86818 /* ChattingTableViewCell.swift */ = {isa = PBXFileReference; lastKnownFileType = sourcecode.swift; path = ChattingTableViewCell.swift; sourceTree = "<group>"; };
		9B22179D288EBA1900C86818 /* ChattingTableViewCell.xib */ = {isa = PBXFileReference; lastKnownFileType = file.xib; path = ChattingTableViewCell.xib; sourceTree = "<group>"; };
		9B2217C42890049400C86818 /* IMG_1394.JPG */ = {isa = PBXFileReference; lastKnownFileType = image.jpeg; name = IMG_1394.JPG; path = ../../../../../../Downloads/IMG_1394.JPG; sourceTree = "<group>"; };
		9B2217C62891125500C86818 /* MyCarrotViewController.swift */ = {isa = PBXFileReference; lastKnownFileType = sourcecode.swift; path = MyCarrotViewController.swift; sourceTree = "<group>"; };
		9B2217CB2891171E00C86818 /* MyCarrotCell.swift */ = {isa = PBXFileReference; lastKnownFileType = sourcecode.swift; path = MyCarrotCell.swift; sourceTree = "<group>"; };
		9B2217CC2891171E00C86818 /* MyCarrotCell.xib */ = {isa = PBXFileReference; lastKnownFileType = file.xib; path = MyCarrotCell.xib; sourceTree = "<group>"; };
		9B2217D328912C6500C86818 /* ProfileCell.swift */ = {isa = PBXFileReference; lastKnownFileType = sourcecode.swift; path = ProfileCell.swift; sourceTree = "<group>"; };
		9B2217D428912C6500C86818 /* ProfileCell.xib */ = {isa = PBXFileReference; lastKnownFileType = file.xib; path = ProfileCell.xib; sourceTree = "<group>"; };
		9B2217DA289130F600C86818 /* SettingSectionStruct.swift */ = {isa = PBXFileReference; lastKnownFileType = sourcecode.swift; path = SettingSectionStruct.swift; sourceTree = "<group>"; };
		9B2217DC289136B600C86818 /* MyCarrotModel.swift */ = {isa = PBXFileReference; lastKnownFileType = sourcecode.swift; path = MyCarrotModel.swift; sourceTree = "<group>"; };
		9B5BEB19288BC06800413C20 /* RisingCamp_TableView.app */ = {isa = PBXFileReference; explicitFileType = wrapper.application; includeInIndex = 0; path = RisingCamp_TableView.app; sourceTree = BUILT_PRODUCTS_DIR; };
		9B5BEB1C288BC06800413C20 /* AppDelegate.swift */ = {isa = PBXFileReference; lastKnownFileType = sourcecode.swift; path = AppDelegate.swift; sourceTree = "<group>"; };
		9B5BEB1E288BC06800413C20 /* SceneDelegate.swift */ = {isa = PBXFileReference; lastKnownFileType = sourcecode.swift; path = SceneDelegate.swift; sourceTree = "<group>"; };
		9B5BEB20288BC06800413C20 /* ViewController.swift */ = {isa = PBXFileReference; lastKnownFileType = sourcecode.swift; path = ViewController.swift; sourceTree = "<group>"; };
		9B5BEB23288BC06800413C20 /* Base */ = {isa = PBXFileReference; lastKnownFileType = file.storyboard; name = Base; path = Base.lproj/Main.storyboard; sourceTree = "<group>"; };
		9B5BEB25288BC06900413C20 /* Assets.xcassets */ = {isa = PBXFileReference; lastKnownFileType = folder.assetcatalog; path = Assets.xcassets; sourceTree = "<group>"; };
		9B5BEB28288BC06900413C20 /* Base */ = {isa = PBXFileReference; lastKnownFileType = file.storyboard; name = Base; path = Base.lproj/LaunchScreen.storyboard; sourceTree = "<group>"; };
		9B5BEB2A288BC06900413C20 /* Info.plist */ = {isa = PBXFileReference; lastKnownFileType = text.plist.xml; path = Info.plist; sourceTree = "<group>"; };
		9B5BEB31288BC73400413C20 /* HomeCell.swift */ = {isa = PBXFileReference; lastKnownFileType = sourcecode.swift; path = HomeCell.swift; sourceTree = "<group>"; };
		9B5BEB32288BC73400413C20 /* HomeCell.xib */ = {isa = PBXFileReference; lastKnownFileType = file.xib; path = HomeCell.xib; sourceTree = "<group>"; };
		9B62F455289234AA00AB88DD /* IMG_1693.jpg */ = {isa = PBXFileReference; lastKnownFileType = image.jpeg; name = IMG_1693.jpg; path = ../../../../../../Downloads/IMG_1693.jpg; sourceTree = "<group>"; };
		9B62F456289234AC00AB88DD /* IMG_1692.jpg */ = {isa = PBXFileReference; lastKnownFileType = image.jpeg; name = IMG_1692.jpg; path = ../../../../../../Downloads/IMG_1692.jpg; sourceTree = "<group>"; };
		9B62F457289234AC00AB88DD /* IMG_1695.jpg */ = {isa = PBXFileReference; lastKnownFileType = image.jpeg; name = IMG_1695.jpg; path = ../../../../../../Downloads/IMG_1695.jpg; sourceTree = "<group>"; };
		9B62F458289234AC00AB88DD /* IMG_1694.jpg */ = {isa = PBXFileReference; lastKnownFileType = image.jpeg; name = IMG_1694.jpg; path = ../../../../../../Downloads/IMG_1694.jpg; sourceTree = "<group>"; };
		9B700295288D3AA5006F838A /* DongNeTabStruct.swift */ = {isa = PBXFileReference; lastKnownFileType = sourcecode.swift; path = DongNeTabStruct.swift; sourceTree = "<group>"; };
		9B700297288D3EAD006F838A /* IMG_1654.jpg */ = {isa = PBXFileReference; lastKnownFileType = image.jpeg; name = IMG_1654.jpg; path = ../../../../../../.Trash/IMG_1654.jpg; sourceTree = "<group>"; };
		9B700298288D3EAD006F838A /* IMG_1656.jpg */ = {isa = PBXFileReference; lastKnownFileType = image.jpeg; name = IMG_1656.jpg; path = ../../../../../../.Trash/IMG_1656.jpg; sourceTree = "<group>"; };
		9B700299288D3EAD006F838A /* IMG_1655.jpg */ = {isa = PBXFileReference; lastKnownFileType = image.jpeg; name = IMG_1655.jpg; path = ../../../../../../.Trash/IMG_1655.jpg; sourceTree = "<group>"; };
		9B784E65288D3F870027FB6D /* WriteForDealViewController.swift */ = {isa = PBXFileReference; lastKnownFileType = sourcecode.swift; path = WriteForDealViewController.swift; sourceTree = "<group>"; };
		9B784E67288D43DF0027FB6D /* ChooseCategoryViewController.swift */ = {isa = PBXFileReference; lastKnownFileType = sourcecode.swift; path = ChooseCategoryViewController.swift; sourceTree = "<group>"; };
		9B784E6A288D44B40027FB6D /* CategoryCell.swift */ = {isa = PBXFileReference; lastKnownFileType = sourcecode.swift; path = CategoryCell.swift; sourceTree = "<group>"; };
		9B784E6B288D44B40027FB6D /* CategoryCell.xib */ = {isa = PBXFileReference; lastKnownFileType = file.xib; path = CategoryCell.xib; sourceTree = "<group>"; };
		9B784E6E288D45150027FB6D /* CategoryDataModel.swift */ = {isa = PBXFileReference; lastKnownFileType = sourcecode.swift; path = CategoryDataModel.swift; sourceTree = "<group>"; };
		9B7BC214288CF5310064E6DA /* DongNeCell.swift */ = {isa = PBXFileReference; lastKnownFileType = sourcecode.swift; path = DongNeCell.swift; sourceTree = "<group>"; };
		9B7BC215288CF5310064E6DA /* DongNeCell.xib */ = {isa = PBXFileReference; lastKnownFileType = file.xib; path = DongNeCell.xib; sourceTree = "<group>"; };
		9B7BC21A288CF6BA0064E6DA /* DongNeDataModel.swift */ = {isa = PBXFileReference; lastKnownFileType = sourcecode.swift; path = DongNeDataModel.swift; sourceTree = "<group>"; };
		9B7BC21C288D0FED0064E6DA /* HomeTabStruct.swift */ = {isa = PBXFileReference; lastKnownFileType = sourcecode.swift; path = HomeTabStruct.swift; sourceTree = "<group>"; };
		9BA643FB288CF03200DE4E0E /* componentSetting.swift */ = {isa = PBXFileReference; lastKnownFileType = sourcecode.swift; name = componentSetting.swift; path = ../componentSetting.swift; sourceTree = "<group>"; };
		9BA643FD288CF2EB00DE4E0E /* DongNeLifeViewController.swift */ = {isa = PBXFileReference; lastKnownFileType = sourcecode.swift; path = DongNeLifeViewController.swift; sourceTree = "<group>"; };
		9BB9423B2893890F0005843B /* ClickedModel.swift */ = {isa = PBXFileReference; lastKnownFileType = sourcecode.swift; path = ClickedModel.swift; sourceTree = "<group>"; };
		9BB9423D28938EB50005843B /* ClickedDataModel.swift */ = {isa = PBXFileReference; lastKnownFileType = sourcecode.swift; path = ClickedDataModel.swift; sourceTree = "<group>"; };
		9BB942412893AA040005843B /* MyLocationViewController.swift */ = {isa = PBXFileReference; lastKnownFileType = sourcecode.swift; path = MyLocationViewController.swift; sourceTree = "<group>"; };
		9BB942432893BDCC0005843B /* TabbarViewController.swift */ = {isa = PBXFileReference; lastKnownFileType = sourcecode.swift; path = TabbarViewController.swift; sourceTree = "<group>"; };
		9BB942472893BF860005843B /* SecondFoodViewController.swift */ = {isa = PBXFileReference; lastKnownFileType = sourcecode.swift; path = SecondFoodViewController.swift; sourceTree = "<group>"; };
		9BB942492893C3ED0005843B /* IMG_1714.jpg */ = {isa = PBXFileReference; lastKnownFileType = image.jpeg; name = IMG_1714.jpg; path = ../../../../../../Downloads/IMG_1714.jpg; sourceTree = "<group>"; };
		9BB9424A2893C3EF0005843B /* IMG_1713.jpg */ = {isa = PBXFileReference; lastKnownFileType = image.jpeg; name = IMG_1713.jpg; path = ../../../../../../Downloads/IMG_1713.jpg; sourceTree = "<group>"; };
		9BB9424B2893C3F00005843B /* IMG_1712.jpg */ = {isa = PBXFileReference; lastKnownFileType = image.jpeg; name = IMG_1712.jpg; path = ../../../../../../Downloads/IMG_1712.jpg; sourceTree = "<group>"; };
		9BB9424C2893C3F00005843B /* IMG_1710.jpg */ = {isa = PBXFileReference; lastKnownFileType = image.jpeg; name = IMG_1710.jpg; path = ../../../../../../Downloads/IMG_1710.jpg; sourceTree = "<group>"; };
		9BB9424D2893C3F10005843B /* IMG_1715.jpg */ = {isa = PBXFileReference; lastKnownFileType = image.jpeg; name = IMG_1715.jpg; path = ../../../../../../Downloads/IMG_1715.jpg; sourceTree = "<group>"; };
		9BB9424E2893C3F10005843B /* IMG_1711.jpg */ = {isa = PBXFileReference; lastKnownFileType = image.jpeg; name = IMG_1711.jpg; path = ../../../../../../Downloads/IMG_1711.jpg; sourceTree = "<group>"; };
		9BB9424F2893C3F20005843B /* IMG_1709.jpg */ = {isa = PBXFileReference; lastKnownFileType = image.jpeg; name = IMG_1709.jpg; path = ../../../../../../Downloads/IMG_1709.jpg; sourceTree = "<group>"; };
		9BB942502893C3F20005843B /* IMG_1708.jpg */ = {isa = PBXFileReference; lastKnownFileType = image.jpeg; name = IMG_1708.jpg; path = ../../../../../../Downloads/IMG_1708.jpg; sourceTree = "<group>"; };
		9BB9425A2893C8BD0005843B /* FirstFoodViewController.swift */ = {isa = PBXFileReference; lastKnownFileType = sourcecode.swift; name = FirstFoodViewController.swift; path = ../../FirstFoodViewController.swift; sourceTree = "<group>"; };
		9BB9425C2893C8FC0005843B /* FourthFoodViewController.swift */ = {isa = PBXFileReference; lastKnownFileType = sourcecode.swift; path = FourthFoodViewController.swift; sourceTree = "<group>"; };
		9BB9425E2893C9180005843B /* FifthFoodViewController.swift */ = {isa = PBXFileReference; lastKnownFileType = sourcecode.swift; path = FifthFoodViewController.swift; sourceTree = "<group>"; };
		9BB942602893C92E0005843B /* SixthFoodViewController.swift */ = {isa = PBXFileReference; lastKnownFileType = sourcecode.swift; path = SixthFoodViewController.swift; sourceTree = "<group>"; };
		9BB942622893C9440005843B /* SeventhFoodViewController.swift */ = {isa = PBXFileReference; lastKnownFileType = sourcecode.swift; path = SeventhFoodViewController.swift; sourceTree = "<group>"; };
		9BB942682893CC0A0005843B /* ThirdFoodViewController.swift */ = {isa = PBXFileReference; lastKnownFileType = sourcecode.swift; path = ThirdFoodViewController.swift; sourceTree = "<group>"; };
		9BE9FED32893694800C6C49C /* HomeDetailViewController.swift */ = {isa = PBXFileReference; lastKnownFileType = sourcecode.swift; path = HomeDetailViewController.swift; sourceTree = "<group>"; };
		9BE9FED52893766D00C6C49C /* IMG_1706.jpg */ = {isa = PBXFileReference; lastKnownFileType = image.jpeg; name = IMG_1706.jpg; path = ../../../../../../Downloads/IMG_1706.jpg; sourceTree = "<group>"; };
		9BE9FED7289382C700C6C49C /* IMG_1707.jpg */ = {isa = PBXFileReference; lastKnownFileType = image.jpeg; name = IMG_1707.jpg; path = ../../../../../../Downloads/IMG_1707.jpg; sourceTree = "<group>"; };
		9BED18A6288BD4A300D48071 /* HomeTabDataModel.swift */ = {isa = PBXFileReference; lastKnownFileType = sourcecode.swift; path = HomeTabDataModel.swift; sourceTree = "<group>"; };
/* End PBXFileReference section */

/* Begin PBXFrameworksBuildPhase section */
		9B5BEB16288BC06800413C20 /* Frameworks */ = {
			isa = PBXFrameworksBuildPhase;
			buildActionMask = 2147483647;
			files = (
				2A0B45F89BE5BAF9ED581E25 /* Pods_RisingCamp_TableView.framework in Frameworks */,
			);
			runOnlyForDeploymentPostprocessing = 0;
		};
/* End PBXFrameworksBuildPhase section */

/* Begin PBXGroup section */
		9B221787288EADA100C86818 /* Chatting */ = {
			isa = PBXGroup;
			children = (
				9B221789288EADA900C86818 /* Controller */,
				9B221788288EADA600C86818 /* Cell */,
			);
			path = Chatting;
			sourceTree = "<group>";
		};
		9B221788288EADA600C86818 /* Cell */ = {
			isa = PBXGroup;
			children = (
				9B22179C288EBA1900C86818 /* ChattingTableViewCell.swift */,
				9B22179D288EBA1900C86818 /* ChattingTableViewCell.xib */,
			);
			path = Cell;
			sourceTree = "<group>";
		};
		9B221789288EADA900C86818 /* Controller */ = {
			isa = PBXGroup;
			children = (
				9B221790288EAF8600C86818 /* ChattingViewController.swift */,
			);
			path = Controller;
			sourceTree = "<group>";
		};
		9B221794288EB73F00C86818 /* Chat */ = {
			isa = PBXGroup;
			children = (
				9B221798288EB82900C86818 /* ChatStruct.swift */,
				9B22179A288EB8B900C86818 /* ChatDataModel.swift */,
			);
			path = Chat;
			sourceTree = "<group>";
		};
		9B2217C82891126800C86818 /* MyCattotTab */ = {
			isa = PBXGroup;
			children = (
				9B2217CA2891127400C86818 /* Controller */,
				9B2217C92891127000C86818 /* Cell */,
			);
			path = MyCattotTab;
			sourceTree = "<group>";
		};
		9B2217C92891127000C86818 /* Cell */ = {
			isa = PBXGroup;
			children = (
				9B2217CB2891171E00C86818 /* MyCarrotCell.swift */,
				9B2217CC2891171E00C86818 /* MyCarrotCell.xib */,
				9B2217D328912C6500C86818 /* ProfileCell.swift */,
				9B2217D428912C6500C86818 /* ProfileCell.xib */,
			);
			path = Cell;
			sourceTree = "<group>";
		};
		9B2217CA2891127400C86818 /* Controller */ = {
			isa = PBXGroup;
			children = (
				9B2217C62891125500C86818 /* MyCarrotViewController.swift */,
			);
			path = Controller;
			sourceTree = "<group>";
		};
		9B2217D72891303400C86818 /* MyCarrot */ = {
			isa = PBXGroup;
			children = (
				9B2217DA289130F600C86818 /* SettingSectionStruct.swift */,
				9B2217DC289136B600C86818 /* MyCarrotModel.swift */,
			);
			path = MyCarrot;
			sourceTree = "<group>";
		};
		9B5BEB10288BC06800413C20 = {
			isa = PBXGroup;
			children = (
				9B5BEB1B288BC06800413C20 /* RisingCamp_TableView */,
				9B5BEB1A288BC06800413C20 /* Products */,
				F31F11A1BA5BB3FDD6CCB679 /* Pods */,
				D4B6F613B14F305758A7C826 /* Frameworks */,
			);
			sourceTree = "<group>";
		};
		9B5BEB1A288BC06800413C20 /* Products */ = {
			isa = PBXGroup;
			children = (
				9B5BEB19288BC06800413C20 /* RisingCamp_TableView.app */,
			);
			name = Products;
			sourceTree = "<group>";
		};
		9B5BEB1B288BC06800413C20 /* RisingCamp_TableView */ = {
			isa = PBXGroup;
			children = (
				9BB942412893AA040005843B /* MyLocationViewController.swift */,
				9B700292288D3A7B006F838A /* Model */,
				9BED18A8288BD86600D48071 /* testImage */,
				9B2217C82891126800C86818 /* MyCattotTab */,
				9B221787288EADA100C86818 /* Chatting */,
				9BA643FF288CF33300DE4E0E /* DongLeLifeTab */,
				9B5BEB30288BC4F000413C20 /* HomeTab */,
				9BA643FB288CF03200DE4E0E /* componentSetting.swift */,
				9B5BEB1C288BC06800413C20 /* AppDelegate.swift */,
				9B5BEB1E288BC06800413C20 /* SceneDelegate.swift */,
				9B5BEB22288BC06800413C20 /* Main.storyboard */,
				9BB942432893BDCC0005843B /* TabbarViewController.swift */,
				9B5BEB25288BC06900413C20 /* Assets.xcassets */,
				9B5BEB27288BC06900413C20 /* LaunchScreen.storyboard */,
				9B5BEB2A288BC06900413C20 /* Info.plist */,
			);
			path = RisingCamp_TableView;
			sourceTree = "<group>";
		};
		9B5BEB30288BC4F000413C20 /* HomeTab */ = {
			isa = PBXGroup;
			children = (
				9BB942592893C8500005843B /* Tabs */,
				9B784E69288D447F0027FB6D /* Controller */,
				9B5BEB35288BC74300413C20 /* Cell */,
			);
			path = HomeTab;
			sourceTree = "<group>";
		};
		9B5BEB35288BC74300413C20 /* Cell */ = {
			isa = PBXGroup;
			children = (
				9B5BEB31288BC73400413C20 /* HomeCell.swift */,
				9B5BEB32288BC73400413C20 /* HomeCell.xib */,
				9B784E6A288D44B40027FB6D /* CategoryCell.swift */,
				9B784E6B288D44B40027FB6D /* CategoryCell.xib */,
			);
			path = Cell;
			sourceTree = "<group>";
		};
		9B700292288D3A7B006F838A /* Model */ = {
			isa = PBXGroup;
			children = (
				9B2217D72891303400C86818 /* MyCarrot */,
				9B221794288EB73F00C86818 /* Chat */,
				9B700294288D3A8D006F838A /* DongNe */,
				9B700293288D3A87006F838A /* Home */,
			);
			path = Model;
			sourceTree = "<group>";
		};
		9B700293288D3A87006F838A /* Home */ = {
			isa = PBXGroup;
			children = (
				9BED18A6288BD4A300D48071 /* HomeTabDataModel.swift */,
				9B7BC21C288D0FED0064E6DA /* HomeTabStruct.swift */,
				9B784E6E288D45150027FB6D /* CategoryDataModel.swift */,
				9BB9423B2893890F0005843B /* ClickedModel.swift */,
				9BB9423D28938EB50005843B /* ClickedDataModel.swift */,
			);
			path = Home;
			sourceTree = "<group>";
		};
		9B700294288D3A8D006F838A /* DongNe */ = {
			isa = PBXGroup;
			children = (
				9B7BC21A288CF6BA0064E6DA /* DongNeDataModel.swift */,
				9B700295288D3AA5006F838A /* DongNeTabStruct.swift */,
			);
			path = DongNe;
			sourceTree = "<group>";
		};
		9B784E69288D447F0027FB6D /* Controller */ = {
			isa = PBXGroup;
			children = (
				9B5BEB20288BC06800413C20 /* ViewController.swift */,
				9B784E65288D3F870027FB6D /* WriteForDealViewController.swift */,
				9B784E67288D43DF0027FB6D /* ChooseCategoryViewController.swift */,
				9BE9FED32893694800C6C49C /* HomeDetailViewController.swift */,
			);
			path = Controller;
			sourceTree = "<group>";
		};
		9B784E70288D45FF0027FB6D /* Controller */ = {
			isa = PBXGroup;
			children = (
				9BA643FD288CF2EB00DE4E0E /* DongNeLifeViewController.swift */,
			);
			path = Controller;
			sourceTree = "<group>";
		};
		9B784E71288D46090027FB6D /* Cell */ = {
			isa = PBXGroup;
			children = (
				9B7BC214288CF5310064E6DA /* DongNeCell.swift */,
				9B7BC215288CF5310064E6DA /* DongNeCell.xib */,
			);
			path = Cell;
			sourceTree = "<group>";
		};
		9BA643FF288CF33300DE4E0E /* DongLeLifeTab */ = {
			isa = PBXGroup;
			children = (
				9B784E71288D46090027FB6D /* Cell */,
				9B784E70288D45FF0027FB6D /* Controller */,
			);
			path = DongLeLifeTab;
			sourceTree = "<group>";
		};
		9BB942592893C8500005843B /* Tabs */ = {
			isa = PBXGroup;
			children = (
				9BB942622893C9440005843B /* SeventhFoodViewController.swift */,
				9BB942602893C92E0005843B /* SixthFoodViewController.swift */,
				9BB9425E2893C9180005843B /* FifthFoodViewController.swift */,
				9BB9425C2893C8FC0005843B /* FourthFoodViewController.swift */,
				9BB942682893CC0A0005843B /* ThirdFoodViewController.swift */,
				9BB942472893BF860005843B /* SecondFoodViewController.swift */,
				9BB9425A2893C8BD0005843B /* FirstFoodViewController.swift */,
			);
			path = Tabs;
			sourceTree = "<group>";
		};
		9BED18A8288BD86600D48071 /* testImage */ = {
			isa = PBXGroup;
			children = (
				9BB942502893C3F20005843B /* IMG_1708.jpg */,
				9BB9424F2893C3F20005843B /* IMG_1709.jpg */,
				9BB9424C2893C3F00005843B /* IMG_1710.jpg */,
				9BB9424E2893C3F10005843B /* IMG_1711.jpg */,
				9BB9424B2893C3F00005843B /* IMG_1712.jpg */,
				9BB9424A2893C3EF0005843B /* IMG_1713.jpg */,
				9BB942492893C3ED0005843B /* IMG_1714.jpg */,
				9BB9424D2893C3F10005843B /* IMG_1715.jpg */,
				9BE9FED7289382C700C6C49C /* IMG_1707.jpg */,
				9BE9FED52893766D00C6C49C /* IMG_1706.jpg */,
				9B62F456289234AC00AB88DD /* IMG_1692.jpg */,
				9B62F455289234AA00AB88DD /* IMG_1693.jpg */,
				9B62F458289234AC00AB88DD /* IMG_1694.jpg */,
				9B62F457289234AC00AB88DD /* IMG_1695.jpg */,
				9B2217C42890049400C86818 /* IMG_1394.JPG */,
				9B700297288D3EAD006F838A /* IMG_1654.jpg */,
				9B700299288D3EAD006F838A /* IMG_1655.jpg */,
				9B700298288D3EAD006F838A /* IMG_1656.jpg */,
			);
			path = testImage;
			sourceTree = "<group>";
		};
		D4B6F613B14F305758A7C826 /* Frameworks */ = {
			isa = PBXGroup;
			children = (
				0E2C651289F1B1D18BAA8516 /* Pods_RisingCamp_TableView.framework */,
			);
			name = Frameworks;
			sourceTree = "<group>";
		};
		F31F11A1BA5BB3FDD6CCB679 /* Pods */ = {
			isa = PBXGroup;
			children = (
				6B31E5BBC45D32C971A3E985 /* Pods-RisingCamp_TableView.debug.xcconfig */,
				30A0346E7A39FA0EA177CA26 /* Pods-RisingCamp_TableView.release.xcconfig */,
			);
			path = Pods;
			sourceTree = "<group>";
		};
/* End PBXGroup section */

/* Begin PBXNativeTarget section */
		9B5BEB18288BC06800413C20 /* RisingCamp_TableView */ = {
			isa = PBXNativeTarget;
			buildConfigurationList = 9B5BEB2D288BC06900413C20 /* Build configuration list for PBXNativeTarget "RisingCamp_TableView" */;
			buildPhases = (
				F45D3E28D003143EEE602E88 /* [CP] Check Pods Manifest.lock */,
				9B5BEB15288BC06800413C20 /* Sources */,
				9B5BEB16288BC06800413C20 /* Frameworks */,
				9B5BEB17288BC06800413C20 /* Resources */,
				CD66A77B3E4B7E7E068BFDC4 /* [CP] Embed Pods Frameworks */,
			);
			buildRules = (
			);
			dependencies = (
			);
			name = RisingCamp_TableView;
			productName = RisingCamp_TableView;
			productReference = 9B5BEB19288BC06800413C20 /* RisingCamp_TableView.app */;
			productType = "com.apple.product-type.application";
		};
/* End PBXNativeTarget section */

/* Begin PBXProject section */
		9B5BEB11288BC06800413C20 /* Project object */ = {
			isa = PBXProject;
			attributes = {
				BuildIndependentTargetsInParallel = 1;
				LastSwiftUpdateCheck = 1340;
				LastUpgradeCheck = 1340;
				TargetAttributes = {
					9B5BEB18288BC06800413C20 = {
						CreatedOnToolsVersion = 13.4.1;
					};
				};
			};
			buildConfigurationList = 9B5BEB14288BC06800413C20 /* Build configuration list for PBXProject "RisingCamp_TableView" */;
			compatibilityVersion = "Xcode 13.0";
			developmentRegion = en;
			hasScannedForEncodings = 0;
			knownRegions = (
				en,
				Base,
			);
			mainGroup = 9B5BEB10288BC06800413C20;
			productRefGroup = 9B5BEB1A288BC06800413C20 /* Products */;
			projectDirPath = "";
			projectRoot = "";
			targets = (
				9B5BEB18288BC06800413C20 /* RisingCamp_TableView */,
			);
		};
/* End PBXProject section */

/* Begin PBXResourcesBuildPhase section */
		9B5BEB17288BC06800413C20 /* Resources */ = {
			isa = PBXResourcesBuildPhase;
			buildActionMask = 2147483647;
			files = (
				9B5BEB29288BC06900413C20 /* LaunchScreen.storyboard in Resources */,
				9B62F45A289234AD00AB88DD /* IMG_1692.jpg in Resources */,
				9B70029B288D3EAD006F838A /* IMG_1656.jpg in Resources */,
				9B7BC217288CF5310064E6DA /* DongNeCell.xib in Resources */,
				9BB942542893C3F30005843B /* IMG_1710.jpg in Resources */,
				9B70029A288D3EAD006F838A /* IMG_1654.jpg in Resources */,
				9BB942572893C3F30005843B /* IMG_1709.jpg in Resources */,
				9B5BEB26288BC06900413C20 /* Assets.xcassets in Resources */,
				9B2217C52890049400C86818 /* IMG_1394.JPG in Resources */,
				9BB942522893C3F30005843B /* IMG_1713.jpg in Resources */,
				9B2217CE2891171E00C86818 /* MyCarrotCell.xib in Resources */,
				9B2217D628912C6500C86818 /* ProfileCell.xib in Resources */,
				9B62F45C289234AD00AB88DD /* IMG_1694.jpg in Resources */,
				9BB942582893C3F30005843B /* IMG_1708.jpg in Resources */,
				9B5BEB34288BC73400413C20 /* HomeCell.xib in Resources */,
				9BB942552893C3F30005843B /* IMG_1715.jpg in Resources */,
				9B5BEB24288BC06800413C20 /* Main.storyboard in Resources */,
				9B62F459289234AD00AB88DD /* IMG_1693.jpg in Resources */,
				9BB942562893C3F30005843B /* IMG_1711.jpg in Resources */,
				9BB942532893C3F30005843B /* IMG_1712.jpg in Resources */,
				9BE9FED62893766D00C6C49C /* IMG_1706.jpg in Resources */,
				9B62F45B289234AD00AB88DD /* IMG_1695.jpg in Resources */,
				9B22179F288EBA1900C86818 /* ChattingTableViewCell.xib in Resources */,
				9BB942512893C3F30005843B /* IMG_1714.jpg in Resources */,
				9BE9FED8289382C700C6C49C /* IMG_1707.jpg in Resources */,
				9B784E6D288D44B40027FB6D /* CategoryCell.xib in Resources */,
				9B70029C288D3EAD006F838A /* IMG_1655.jpg in Resources */,
			);
			runOnlyForDeploymentPostprocessing = 0;
		};
/* End PBXResourcesBuildPhase section */

/* Begin PBXShellScriptBuildPhase section */
		CD66A77B3E4B7E7E068BFDC4 /* [CP] Embed Pods Frameworks */ = {
			isa = PBXShellScriptBuildPhase;
			buildActionMask = 2147483647;
			files = (
			);
			inputFileListPaths = (
				"${PODS_ROOT}/Target Support Files/Pods-RisingCamp_TableView/Pods-RisingCamp_TableView-frameworks-${CONFIGURATION}-input-files.xcfilelist",
			);
			name = "[CP] Embed Pods Frameworks";
			outputFileListPaths = (
				"${PODS_ROOT}/Target Support Files/Pods-RisingCamp_TableView/Pods-RisingCamp_TableView-frameworks-${CONFIGURATION}-output-files.xcfilelist",
			);
			runOnlyForDeploymentPostprocessing = 0;
			shellPath = /bin/sh;
			shellScript = "\"${PODS_ROOT}/Target Support Files/Pods-RisingCamp_TableView/Pods-RisingCamp_TableView-frameworks.sh\"\n";
			showEnvVarsInLog = 0;
		};
		F45D3E28D003143EEE602E88 /* [CP] Check Pods Manifest.lock */ = {
			isa = PBXShellScriptBuildPhase;
			buildActionMask = 2147483647;
			files = (
			);
			inputFileListPaths = (
			);
			inputPaths = (
				"${PODS_PODFILE_DIR_PATH}/Podfile.lock",
				"${PODS_ROOT}/Manifest.lock",
			);
			name = "[CP] Check Pods Manifest.lock";
			outputFileListPaths = (
			);
			outputPaths = (
				"$(DERIVED_FILE_DIR)/Pods-RisingCamp_TableView-checkManifestLockResult.txt",
			);
			runOnlyForDeploymentPostprocessing = 0;
			shellPath = /bin/sh;
			shellScript = "diff \"${PODS_PODFILE_DIR_PATH}/Podfile.lock\" \"${PODS_ROOT}/Manifest.lock\" > /dev/null\nif [ $? != 0 ] ; then\n    # print error to STDERR\n    echo \"error: The sandbox is not in sync with the Podfile.lock. Run 'pod install' or update your CocoaPods installation.\" >&2\n    exit 1\nfi\n# This output is used by Xcode 'outputs' to avoid re-running this script phase.\necho \"SUCCESS\" > \"${SCRIPT_OUTPUT_FILE_0}\"\n";
			showEnvVarsInLog = 0;
		};
/* End PBXShellScriptBuildPhase section */

/* Begin PBXSourcesBuildPhase section */
		9B5BEB15288BC06800413C20 /* Sources */ = {
			isa = PBXSourcesBuildPhase;
			buildActionMask = 2147483647;
			files = (
				9BA643FC288CF03200DE4E0E /* componentSetting.swift in Sources */,
				9B5BEB21288BC06800413C20 /* ViewController.swift in Sources */,
				9BB942612893C92E0005843B /* SixthFoodViewController.swift in Sources */,
				9B5BEB1D288BC06800413C20 /* AppDelegate.swift in Sources */,
				9B2217D528912C6500C86818 /* ProfileCell.swift in Sources */,
				9B22179B288EB8B900C86818 /* ChatDataModel.swift in Sources */,
				9BB942442893BDCC0005843B /* TabbarViewController.swift in Sources */,
				9B2217CD2891171E00C86818 /* MyCarrotCell.swift in Sources */,
				9BB9425B2893C8BD0005843B /* FirstFoodViewController.swift in Sources */,
				9B784E6C288D44B40027FB6D /* CategoryCell.swift in Sources */,
				9BB9425D2893C8FC0005843B /* FourthFoodViewController.swift in Sources */,
				9B700296288D3AA5006F838A /* DongNeTabStruct.swift in Sources */,
				9B2217DD289136B600C86818 /* MyCarrotModel.swift in Sources */,
				9BED18A7288BD4A300D48071 /* HomeTabDataModel.swift in Sources */,
				9BB942692893CC0A0005843B /* ThirdFoodViewController.swift in Sources */,
				9B221799288EB82900C86818 /* ChatStruct.swift in Sources */,
				9B221791288EAF8600C86818 /* ChattingViewController.swift in Sources */,
				9BB9423E28938EB50005843B /* ClickedDataModel.swift in Sources */,
				9BB9425F2893C9180005843B /* FifthFoodViewController.swift in Sources */,
				9B5BEB33288BC73400413C20 /* HomeCell.swift in Sources */,
				9B22179E288EBA1900C86818 /* ChattingTableViewCell.swift in Sources */,
				9B2217DB289130F600C86818 /* SettingSectionStruct.swift in Sources */,
				9BE9FED42893694800C6C49C /* HomeDetailViewController.swift in Sources */,
				9B784E68288D43DF0027FB6D /* ChooseCategoryViewController.swift in Sources */,
				9B7BC21B288CF6BA0064E6DA /* DongNeDataModel.swift in Sources */,
				9B784E6F288D45150027FB6D /* CategoryDataModel.swift in Sources */,
				9BA643FE288CF2EB00DE4E0E /* DongNeLifeViewController.swift in Sources */,
				9B2217C72891125500C86818 /* MyCarrotViewController.swift in Sources */,
				9B784E66288D3F870027FB6D /* WriteForDealViewController.swift in Sources */,
				9BB942422893AA040005843B /* MyLocationViewController.swift in Sources */,
				9B7BC216288CF5310064E6DA /* DongNeCell.swift in Sources */,
				9BB942482893BF860005843B /* SecondFoodViewController.swift in Sources */,
				9B5BEB1F288BC06800413C20 /* SceneDelegate.swift in Sources */,
				9B7BC21E288D14DB0064E6DA /* HomeTabStruct.swift in Sources */,
				9BB942632893C9440005843B /* SeventhFoodViewController.swift in Sources */,
				9BB9423C2893890F0005843B /* ClickedModel.swift in Sources */,
			);
			runOnlyForDeploymentPostprocessing = 0;
		};
/* End PBXSourcesBuildPhase section */

/* Begin PBXVariantGroup section */
		9B5BEB22288BC06800413C20 /* Main.storyboard */ = {
			isa = PBXVariantGroup;
			children = (
				9B5BEB23288BC06800413C20 /* Base */,
			);
			name = Main.storyboard;
			sourceTree = "<group>";
		};
		9B5BEB27288BC06900413C20 /* LaunchScreen.storyboard */ = {
			isa = PBXVariantGroup;
			children = (
				9B5BEB28288BC06900413C20 /* Base */,
			);
			name = LaunchScreen.storyboard;
			sourceTree = "<group>";
		};
/* End PBXVariantGroup section */

/* Begin XCBuildConfiguration section */
		9B5BEB2B288BC06900413C20 /* Debug */ = {
			isa = XCBuildConfiguration;
			buildSettings = {
				ALWAYS_SEARCH_USER_PATHS = NO;
				CLANG_ANALYZER_NONNULL = YES;
				CLANG_ANALYZER_NUMBER_OBJECT_CONVERSION = YES_AGGRESSIVE;
				CLANG_CXX_LANGUAGE_STANDARD = "gnu++17";
				CLANG_ENABLE_MODULES = YES;
				CLANG_ENABLE_OBJC_ARC = YES;
				CLANG_ENABLE_OBJC_WEAK = YES;
				CLANG_WARN_BLOCK_CAPTURE_AUTORELEASING = YES;
				CLANG_WARN_BOOL_CONVERSION = YES;
				CLANG_WARN_COMMA = YES;
				CLANG_WARN_CONSTANT_CONVERSION = YES;
				CLANG_WARN_DEPRECATED_OBJC_IMPLEMENTATIONS = YES;
				CLANG_WARN_DIRECT_OBJC_ISA_USAGE = YES_ERROR;
				CLANG_WARN_DOCUMENTATION_COMMENTS = YES;
				CLANG_WARN_EMPTY_BODY = YES;
				CLANG_WARN_ENUM_CONVERSION = YES;
				CLANG_WARN_INFINITE_RECURSION = YES;
				CLANG_WARN_INT_CONVERSION = YES;
				CLANG_WARN_NON_LITERAL_NULL_CONVERSION = YES;
				CLANG_WARN_OBJC_IMPLICIT_RETAIN_SELF = YES;
				CLANG_WARN_OBJC_LITERAL_CONVERSION = YES;
				CLANG_WARN_OBJC_ROOT_CLASS = YES_ERROR;
				CLANG_WARN_QUOTED_INCLUDE_IN_FRAMEWORK_HEADER = YES;
				CLANG_WARN_RANGE_LOOP_ANALYSIS = YES;
				CLANG_WARN_STRICT_PROTOTYPES = YES;
				CLANG_WARN_SUSPICIOUS_MOVE = YES;
				CLANG_WARN_UNGUARDED_AVAILABILITY = YES_AGGRESSIVE;
				CLANG_WARN_UNREACHABLE_CODE = YES;
				CLANG_WARN__DUPLICATE_METHOD_MATCH = YES;
				COPY_PHASE_STRIP = NO;
				DEBUG_INFORMATION_FORMAT = dwarf;
				ENABLE_STRICT_OBJC_MSGSEND = YES;
				ENABLE_TESTABILITY = YES;
				GCC_C_LANGUAGE_STANDARD = gnu11;
				GCC_DYNAMIC_NO_PIC = NO;
				GCC_NO_COMMON_BLOCKS = YES;
				GCC_OPTIMIZATION_LEVEL = 0;
				GCC_PREPROCESSOR_DEFINITIONS = (
					"DEBUG=1",
					"$(inherited)",
				);
				GCC_WARN_64_TO_32_BIT_CONVERSION = YES;
				GCC_WARN_ABOUT_RETURN_TYPE = YES_ERROR;
				GCC_WARN_UNDECLARED_SELECTOR = YES;
				GCC_WARN_UNINITIALIZED_AUTOS = YES_AGGRESSIVE;
				GCC_WARN_UNUSED_FUNCTION = YES;
				GCC_WARN_UNUSED_VARIABLE = YES;
				IPHONEOS_DEPLOYMENT_TARGET = 15.5;
				MTL_ENABLE_DEBUG_INFO = INCLUDE_SOURCE;
				MTL_FAST_MATH = YES;
				ONLY_ACTIVE_ARCH = YES;
				SDKROOT = iphoneos;
				SWIFT_ACTIVE_COMPILATION_CONDITIONS = DEBUG;
				SWIFT_OPTIMIZATION_LEVEL = "-Onone";
			};
			name = Debug;
		};
		9B5BEB2C288BC06900413C20 /* Release */ = {
			isa = XCBuildConfiguration;
			buildSettings = {
				ALWAYS_SEARCH_USER_PATHS = NO;
				CLANG_ANALYZER_NONNULL = YES;
				CLANG_ANALYZER_NUMBER_OBJECT_CONVERSION = YES_AGGRESSIVE;
				CLANG_CXX_LANGUAGE_STANDARD = "gnu++17";
				CLANG_ENABLE_MODULES = YES;
				CLANG_ENABLE_OBJC_ARC = YES;
				CLANG_ENABLE_OBJC_WEAK = YES;
				CLANG_WARN_BLOCK_CAPTURE_AUTORELEASING = YES;
				CLANG_WARN_BOOL_CONVERSION = YES;
				CLANG_WARN_COMMA = YES;
				CLANG_WARN_CONSTANT_CONVERSION = YES;
				CLANG_WARN_DEPRECATED_OBJC_IMPLEMENTATIONS = YES;
				CLANG_WARN_DIRECT_OBJC_ISA_USAGE = YES_ERROR;
				CLANG_WARN_DOCUMENTATION_COMMENTS = YES;
				CLANG_WARN_EMPTY_BODY = YES;
				CLANG_WARN_ENUM_CONVERSION = YES;
				CLANG_WARN_INFINITE_RECURSION = YES;
				CLANG_WARN_INT_CONVERSION = YES;
				CLANG_WARN_NON_LITERAL_NULL_CONVERSION = YES;
				CLANG_WARN_OBJC_IMPLICIT_RETAIN_SELF = YES;
				CLANG_WARN_OBJC_LITERAL_CONVERSION = YES;
				CLANG_WARN_OBJC_ROOT_CLASS = YES_ERROR;
				CLANG_WARN_QUOTED_INCLUDE_IN_FRAMEWORK_HEADER = YES;
				CLANG_WARN_RANGE_LOOP_ANALYSIS = YES;
				CLANG_WARN_STRICT_PROTOTYPES = YES;
				CLANG_WARN_SUSPICIOUS_MOVE = YES;
				CLANG_WARN_UNGUARDED_AVAILABILITY = YES_AGGRESSIVE;
				CLANG_WARN_UNREACHABLE_CODE = YES;
				CLANG_WARN__DUPLICATE_METHOD_MATCH = YES;
				COPY_PHASE_STRIP = NO;
				DEBUG_INFORMATION_FORMAT = "dwarf-with-dsym";
				ENABLE_NS_ASSERTIONS = NO;
				ENABLE_STRICT_OBJC_MSGSEND = YES;
				GCC_C_LANGUAGE_STANDARD = gnu11;
				GCC_NO_COMMON_BLOCKS = YES;
				GCC_WARN_64_TO_32_BIT_CONVERSION = YES;
				GCC_WARN_ABOUT_RETURN_TYPE = YES_ERROR;
				GCC_WARN_UNDECLARED_SELECTOR = YES;
				GCC_WARN_UNINITIALIZED_AUTOS = YES_AGGRESSIVE;
				GCC_WARN_UNUSED_FUNCTION = YES;
				GCC_WARN_UNUSED_VARIABLE = YES;
				IPHONEOS_DEPLOYMENT_TARGET = 15.5;
				MTL_ENABLE_DEBUG_INFO = NO;
				MTL_FAST_MATH = YES;
				SDKROOT = iphoneos;
				SWIFT_COMPILATION_MODE = wholemodule;
				SWIFT_OPTIMIZATION_LEVEL = "-O";
				VALIDATE_PRODUCT = YES;
			};
			name = Release;
		};
		9B5BEB2E288BC06900413C20 /* Debug */ = {
			isa = XCBuildConfiguration;
			baseConfigurationReference = 6B31E5BBC45D32C971A3E985 /* Pods-RisingCamp_TableView.debug.xcconfig */;
			buildSettings = {
				ASSETCATALOG_COMPILER_APPICON_NAME = AppIcon;
				ASSETCATALOG_COMPILER_GLOBAL_ACCENT_COLOR_NAME = AccentColor;
				CODE_SIGN_STYLE = Automatic;
				CURRENT_PROJECT_VERSION = 1;
				DEVELOPMENT_TEAM = 9LAFQ24GSN;
				GENERATE_INFOPLIST_FILE = YES;
				INFOPLIST_FILE = RisingCamp_TableView/Info.plist;
				INFOPLIST_KEY_UIApplicationSupportsIndirectInputEvents = YES;
				INFOPLIST_KEY_UILaunchStoryboardName = LaunchScreen;
				INFOPLIST_KEY_UIMainStoryboardFile = Main;
				INFOPLIST_KEY_UISupportedInterfaceOrientations_iPad = "UIInterfaceOrientationPortrait UIInterfaceOrientationPortraitUpsideDown UIInterfaceOrientationLandscapeLeft UIInterfaceOrientationLandscapeRight";
				INFOPLIST_KEY_UISupportedInterfaceOrientations_iPhone = "UIInterfaceOrientationPortrait UIInterfaceOrientationLandscapeLeft UIInterfaceOrientationLandscapeRight";
				LD_RUNPATH_SEARCH_PATHS = (
					"$(inherited)",
					"@executable_path/Frameworks",
				);
				MARKETING_VERSION = 1.0;
				PRODUCT_BUNDLE_IDENTIFIER = "Jason.RisingCamp-TableView";
				PRODUCT_NAME = "$(TARGET_NAME)";
				SWIFT_EMIT_LOC_STRINGS = YES;
				SWIFT_VERSION = 5.0;
				TARGETED_DEVICE_FAMILY = "1,2";
			};
			name = Debug;
		};
		9B5BEB2F288BC06900413C20 /* Release */ = {
			isa = XCBuildConfiguration;
			baseConfigurationReference = 30A0346E7A39FA0EA177CA26 /* Pods-RisingCamp_TableView.release.xcconfig */;
			buildSettings = {
				ASSETCATALOG_COMPILER_APPICON_NAME = AppIcon;
				ASSETCATALOG_COMPILER_GLOBAL_ACCENT_COLOR_NAME = AccentColor;
				CODE_SIGN_STYLE = Automatic;
				CURRENT_PROJECT_VERSION = 1;
				DEVELOPMENT_TEAM = 9LAFQ24GSN;
				GENERATE_INFOPLIST_FILE = YES;
				INFOPLIST_FILE = RisingCamp_TableView/Info.plist;
				INFOPLIST_KEY_UIApplicationSupportsIndirectInputEvents = YES;
				INFOPLIST_KEY_UILaunchStoryboardName = LaunchScreen;
				INFOPLIST_KEY_UIMainStoryboardFile = Main;
				INFOPLIST_KEY_UISupportedInterfaceOrientations_iPad = "UIInterfaceOrientationPortrait UIInterfaceOrientationPortraitUpsideDown UIInterfaceOrientationLandscapeLeft UIInterfaceOrientationLandscapeRight";
				INFOPLIST_KEY_UISupportedInterfaceOrientations_iPhone = "UIInterfaceOrientationPortrait UIInterfaceOrientationLandscapeLeft UIInterfaceOrientationLandscapeRight";
				LD_RUNPATH_SEARCH_PATHS = (
					"$(inherited)",
					"@executable_path/Frameworks",
				);
				MARKETING_VERSION = 1.0;
				PRODUCT_BUNDLE_IDENTIFIER = "Jason.RisingCamp-TableView";
				PRODUCT_NAME = "$(TARGET_NAME)";
				SWIFT_EMIT_LOC_STRINGS = YES;
				SWIFT_VERSION = 5.0;
				TARGETED_DEVICE_FAMILY = "1,2";
			};
			name = Release;
		};
/* End XCBuildConfiguration section */

/* Begin XCConfigurationList section */
		9B5BEB14288BC06800413C20 /* Build configuration list for PBXProject "RisingCamp_TableView" */ = {
			isa = XCConfigurationList;
			buildConfigurations = (
				9B5BEB2B288BC06900413C20 /* Debug */,
				9B5BEB2C288BC06900413C20 /* Release */,
			);
			defaultConfigurationIsVisible = 0;
			defaultConfigurationName = Release;
		};
		9B5BEB2D288BC06900413C20 /* Build configuration list for PBXNativeTarget "RisingCamp_TableView" */ = {
			isa = XCConfigurationList;
			buildConfigurations = (
				9B5BEB2E288BC06900413C20 /* Debug */,
				9B5BEB2F288BC06900413C20 /* Release */,
			);
			defaultConfigurationIsVisible = 0;
			defaultConfigurationName = Release;
		};
/* End XCConfigurationList section */
	};
	rootObject = 9B5BEB11288BC06800413C20 /* Project object */;
}
